
Microsoft Visual Studio Solution File, Format Version 12.00
# Visual Studio 14
VisualStudioVersion = 14.0.22823.1
MinimumVisualStudioVersion = 10.0.40219.1
Project("{F2A71F9B-5D33-465A-A702-920D77279786}") = "IQ.Core.Contracts", "IQ.Core.Contracts\IQ.Core.Contracts.fsproj", "{8690D158-DD5F-4B78-B542-A4CD5757C20C}"
EndProject
Project("{F2A71F9B-5D33-465A-A702-920D77279786}") = "IQ.Core.Framework", "IQ.Core.Framework\IQ.Core.Framework.fsproj", "{8E2497E0-941B-4CA7-AB78-4CA15291C56A}"
EndProject
Project("{F2A71F9B-5D33-465A-A702-920D77279786}") = "IQ.Core.Data", "IQ.Core.Data\IQ.Core.Data.fsproj", "{5D4ADA5C-B453-432C-A419-81BF001EDD14}"
EndProject
Project("{F2A71F9B-5D33-465A-A702-920D77279786}") = "IQ.Core.Data.Sql", "IQ.Core.Data.Sql\IQ.Core.Data.Sql.fsproj", "{29AEDCF6-3187-4C89-AA30-D3D60A8E3379}"
EndProject
Project("{F2A71F9B-5D33-465A-A702-920D77279786}") = "IQ.Core.Data.Sql.Test", "IQ.Core.Data.Sql.Test\IQ.Core.Data.Sql.Test.fsproj", "{55DA7577-AE7F-4684-9348-9D16E308E070}"
EndProject
Project("{F2A71F9B-5D33-465A-A702-920D77279786}") = "IQ.Core.Data.Test", "IQ.Core.Data.Test\IQ.Core.Data.Test.fsproj", "{C75BF451-5658-4FD3-B4DA-D7D4550FDE05}"
EndProject
Project("{F2A71F9B-5D33-465A-A702-920D77279786}") = "IQ.Core.TestFramework", "IQ.Core.TestFramework\IQ.Core.TestFramework.fsproj", "{F9D5CBBF-94DC-43BE-BFFE-7987D14040B8}"
EndProject
Project("{00D1A9C2-B5F0-4AF3-8072-F6C62B433612}") = "IQ.Schemas.Core", "IQ.Schemas.Core\IQ.Schemas.Core.sqlproj", "{0BFE2F2D-55C4-495C-A59C-C616B19FEEE9}"
EndProject
Project("{00D1A9C2-B5F0-4AF3-8072-F6C62B433612}") = "IQ.Schemas.Test", "IQ.Schemas.Test\IQ.Schemas.Test.sqlproj", "{43C6EBF6-B693-47E5-99F2-A446A96BB4F3}"
EndProject
Project("{00D1A9C2-B5F0-4AF3-8072-F6C62B433612}") = "IQ.Schemas.Metadata", "IQ.Schemas.Metadata\IQ.Schemas.Metadata.sqlproj", "{8CE754CA-67AE-46EF-ADCA-E6A29EAB433D}"
EndProject
Project("{2150E333-8FDC-42A3-9474-1A3956D46DE8}") = "Solution Items", "Solution Items", "{E8BBADE0-E4E8-476B-B4B7-5F9284E8C608}"
	ProjectSection(SolutionItems) = preProject
		build.props = build.props
		test_IQ.Core.Data.bat = test_IQ.Core.Data.bat
	EndProjectSection
EndProject
Global
	GlobalSection(SolutionConfigurationPlatforms) = preSolution
		Debug|Any CPU = Debug|Any CPU
		Debug|x64 = Debug|x64
		Debug|x86 = Debug|x86
		Dx64|Any CPU = Dx64|Any CPU
		Dx64|x64 = Dx64|x64
		Dx64|x86 = Dx64|x86
		Release|Any CPU = Release|Any CPU
		Release|x64 = Release|x64
		Release|x86 = Release|x86
	EndGlobalSection
	GlobalSection(ProjectConfigurationPlatforms) = postSolution
		{8690D158-DD5F-4B78-B542-A4CD5757C20C}.Debug|Any CPU.ActiveCfg = Debug|Any CPU
		{8690D158-DD5F-4B78-B542-A4CD5757C20C}.Debug|Any CPU.Build.0 = Debug|Any CPU
		{8690D158-DD5F-4B78-B542-A4CD5757C20C}.Debug|x64.ActiveCfg = Debug|x64
		{8690D158-DD5F-4B78-B542-A4CD5757C20C}.Debug|x64.Build.0 = Debug|x64
		{8690D158-DD5F-4B78-B542-A4CD5757C20C}.Debug|x86.ActiveCfg = Debug|x86
		{8690D158-DD5F-4B78-B542-A4CD5757C20C}.Debug|x86.Build.0 = Debug|x86
		{8690D158-DD5F-4B78-B542-A4CD5757C20C}.Dx64|Any CPU.ActiveCfg = Debug|Any CPU
		{8690D158-DD5F-4B78-B542-A4CD5757C20C}.Dx64|Any CPU.Build.0 = Debug|Any CPU
		{8690D158-DD5F-4B78-B542-A4CD5757C20C}.Dx64|x64.ActiveCfg = Debug|x64
		{8690D158-DD5F-4B78-B542-A4CD5757C20C}.Dx64|x64.Build.0 = Debug|x64
		{8690D158-DD5F-4B78-B542-A4CD5757C20C}.Dx64|x86.ActiveCfg = Debug|x86
		{8690D158-DD5F-4B78-B542-A4CD5757C20C}.Dx64|x86.Build.0 = Debug|x86
		{8690D158-DD5F-4B78-B542-A4CD5757C20C}.Release|Any CPU.ActiveCfg = Debug|Any CPU
		{8690D158-DD5F-4B78-B542-A4CD5757C20C}.Release|Any CPU.Build.0 = Debug|Any CPU
		{8690D158-DD5F-4B78-B542-A4CD5757C20C}.Release|x64.ActiveCfg = Debug|x64
		{8690D158-DD5F-4B78-B542-A4CD5757C20C}.Release|x64.Build.0 = Debug|x64
		{8690D158-DD5F-4B78-B542-A4CD5757C20C}.Release|x86.ActiveCfg = Debug|x86
		{8690D158-DD5F-4B78-B542-A4CD5757C20C}.Release|x86.Build.0 = Debug|x86
		{8E2497E0-941B-4CA7-AB78-4CA15291C56A}.Debug|Any CPU.ActiveCfg = Debug|Any CPU
		{8E2497E0-941B-4CA7-AB78-4CA15291C56A}.Debug|Any CPU.Build.0 = Debug|Any CPU
		{8E2497E0-941B-4CA7-AB78-4CA15291C56A}.Debug|x64.ActiveCfg = Debug|x64
		{8E2497E0-941B-4CA7-AB78-4CA15291C56A}.Debug|x64.Build.0 = Debug|x64
		{8E2497E0-941B-4CA7-AB78-4CA15291C56A}.Debug|x86.ActiveCfg = Debug|x86
		{8E2497E0-941B-4CA7-AB78-4CA15291C56A}.Debug|x86.Build.0 = Debug|x86
		{8E2497E0-941B-4CA7-AB78-4CA15291C56A}.Dx64|Any CPU.ActiveCfg = Debug|Any CPU
		{8E2497E0-941B-4CA7-AB78-4CA15291C56A}.Dx64|Any CPU.Build.0 = Debug|Any CPU
		{8E2497E0-941B-4CA7-AB78-4CA15291C56A}.Dx64|x64.ActiveCfg = Debug|x64
		{8E2497E0-941B-4CA7-AB78-4CA15291C56A}.Dx64|x64.Build.0 = Debug|x64
		{8E2497E0-941B-4CA7-AB78-4CA15291C56A}.Dx64|x86.ActiveCfg = Debug|x86
		{8E2497E0-941B-4CA7-AB78-4CA15291C56A}.Dx64|x86.Build.0 = Debug|x86
		{8E2497E0-941B-4CA7-AB78-4CA15291C56A}.Release|Any CPU.ActiveCfg = Release|Any CPU
		{8E2497E0-941B-4CA7-AB78-4CA15291C56A}.Release|Any CPU.Build.0 = Release|Any CPU
		{8E2497E0-941B-4CA7-AB78-4CA15291C56A}.Release|x64.ActiveCfg = Release|x64
		{8E2497E0-941B-4CA7-AB78-4CA15291C56A}.Release|x64.Build.0 = Release|x64
		{8E2497E0-941B-4CA7-AB78-4CA15291C56A}.Release|x86.ActiveCfg = Release|x86
		{8E2497E0-941B-4CA7-AB78-4CA15291C56A}.Release|x86.Build.0 = Release|x86
		{5D4ADA5C-B453-432C-A419-81BF001EDD14}.Debug|Any CPU.ActiveCfg = Debug|Any CPU
		{5D4ADA5C-B453-432C-A419-81BF001EDD14}.Debug|Any CPU.Build.0 = Debug|Any CPU
		{5D4ADA5C-B453-432C-A419-81BF001EDD14}.Debug|x64.ActiveCfg = Debug|x64
		{5D4ADA5C-B453-432C-A419-81BF001EDD14}.Debug|x64.Build.0 = Debug|x64
		{5D4ADA5C-B453-432C-A419-81BF001EDD14}.Debug|x86.ActiveCfg = Debug|x86
		{5D4ADA5C-B453-432C-A419-81BF001EDD14}.Debug|x86.Build.0 = Debug|x86
		{5D4ADA5C-B453-432C-A419-81BF001EDD14}.Dx64|Any CPU.ActiveCfg = Debug|Any CPU
		{5D4ADA5C-B453-432C-A419-81BF001EDD14}.Dx64|Any CPU.Build.0 = Debug|Any CPU
		{5D4ADA5C-B453-432C-A419-81BF001EDD14}.Dx64|x64.ActiveCfg = Debug|x64
		{5D4ADA5C-B453-432C-A419-81BF001EDD14}.Dx64|x64.Build.0 = Debug|x64
		{5D4ADA5C-B453-432C-A419-81BF001EDD14}.Dx64|x86.ActiveCfg = Debug|x86
		{5D4ADA5C-B453-432C-A419-81BF001EDD14}.Dx64|x86.Build.0 = Debug|x86
		{5D4ADA5C-B453-432C-A419-81BF001EDD14}.Release|Any CPU.ActiveCfg = Debug|Any CPU
		{5D4ADA5C-B453-432C-A419-81BF001EDD14}.Release|Any CPU.Build.0 = Debug|Any CPU
		{5D4ADA5C-B453-432C-A419-81BF001EDD14}.Release|x64.ActiveCfg = Debug|x64
		{5D4ADA5C-B453-432C-A419-81BF001EDD14}.Release|x64.Build.0 = Debug|x64
		{5D4ADA5C-B453-432C-A419-81BF001EDD14}.Release|x86.ActiveCfg = Debug|x86
		{5D4ADA5C-B453-432C-A419-81BF001EDD14}.Release|x86.Build.0 = Debug|x86
		{29AEDCF6-3187-4C89-AA30-D3D60A8E3379}.Debug|Any CPU.ActiveCfg = Debug|Any CPU
		{29AEDCF6-3187-4C89-AA30-D3D60A8E3379}.Debug|Any CPU.Build.0 = Debug|Any CPU
		{29AEDCF6-3187-4C89-AA30-D3D60A8E3379}.Debug|x64.ActiveCfg = Debug|x64
		{29AEDCF6-3187-4C89-AA30-D3D60A8E3379}.Debug|x64.Build.0 = Debug|x64
		{29AEDCF6-3187-4C89-AA30-D3D60A8E3379}.Debug|x86.ActiveCfg = Debug|x86
		{29AEDCF6-3187-4C89-AA30-D3D60A8E3379}.Debug|x86.Build.0 = Debug|x86
		{29AEDCF6-3187-4C89-AA30-D3D60A8E3379}.Dx64|Any CPU.ActiveCfg = Debug|Any CPU
		{29AEDCF6-3187-4C89-AA30-D3D60A8E3379}.Dx64|Any CPU.Build.0 = Debug|Any CPU
		{29AEDCF6-3187-4C89-AA30-D3D60A8E3379}.Dx64|x64.ActiveCfg = Debug|x64
		{29AEDCF6-3187-4C89-AA30-D3D60A8E3379}.Dx64|x64.Build.0 = Debug|x64
		{29AEDCF6-3187-4C89-AA30-D3D60A8E3379}.Dx64|x86.ActiveCfg = Debug|x86
		{29AEDCF6-3187-4C89-AA30-D3D60A8E3379}.Dx64|x86.Build.0 = Debug|x86
		{29AEDCF6-3187-4C89-AA30-D3D60A8E3379}.Release|Any CPU.ActiveCfg = Debug|Any CPU
		{29AEDCF6-3187-4C89-AA30-D3D60A8E3379}.Release|Any CPU.Build.0 = Debug|Any CPU
		{29AEDCF6-3187-4C89-AA30-D3D60A8E3379}.Release|x64.ActiveCfg = Debug|x64
		{29AEDCF6-3187-4C89-AA30-D3D60A8E3379}.Release|x64.Build.0 = Debug|x64
		{29AEDCF6-3187-4C89-AA30-D3D60A8E3379}.Release|x86.ActiveCfg = Debug|x86
		{29AEDCF6-3187-4C89-AA30-D3D60A8E3379}.Release|x86.Build.0 = Debug|x86
		{55DA7577-AE7F-4684-9348-9D16E308E070}.Debug|Any CPU.ActiveCfg = Debug|Any CPU
		{55DA7577-AE7F-4684-9348-9D16E308E070}.Debug|Any CPU.Build.0 = Debug|Any CPU
		{55DA7577-AE7F-4684-9348-9D16E308E070}.Debug|x64.ActiveCfg = Debug|x64
		{55DA7577-AE7F-4684-9348-9D16E308E070}.Debug|x64.Build.0 = Debug|x64
		{55DA7577-AE7F-4684-9348-9D16E308E070}.Debug|x86.ActiveCfg = Debug|x86
		{55DA7577-AE7F-4684-9348-9D16E308E070}.Debug|x86.Build.0 = Debug|x86
		{55DA7577-AE7F-4684-9348-9D16E308E070}.Dx64|Any CPU.ActiveCfg = Debug|Any CPU
		{55DA7577-AE7F-4684-9348-9D16E308E070}.Dx64|Any CPU.Build.0 = Debug|Any CPU
		{55DA7577-AE7F-4684-9348-9D16E308E070}.Dx64|x64.ActiveCfg = Debug|x64
		{55DA7577-AE7F-4684-9348-9D16E308E070}.Dx64|x64.Build.0 = Debug|x64
		{55DA7577-AE7F-4684-9348-9D16E308E070}.Dx64|x86.ActiveCfg = Debug|x86
		{55DA7577-AE7F-4684-9348-9D16E308E070}.Dx64|x86.Build.0 = Debug|x86
		{55DA7577-AE7F-4684-9348-9D16E308E070}.Release|Any CPU.ActiveCfg = Debug|Any CPU
		{55DA7577-AE7F-4684-9348-9D16E308E070}.Release|Any CPU.Build.0 = Debug|Any CPU
		{55DA7577-AE7F-4684-9348-9D16E308E070}.Release|x64.ActiveCfg = Debug|x64
		{55DA7577-AE7F-4684-9348-9D16E308E070}.Release|x64.Build.0 = Debug|x64
		{55DA7577-AE7F-4684-9348-9D16E308E070}.Release|x86.ActiveCfg = Debug|x86
		{55DA7577-AE7F-4684-9348-9D16E308E070}.Release|x86.Build.0 = Debug|x86
		{C75BF451-5658-4FD3-B4DA-D7D4550FDE05}.Debug|Any CPU.ActiveCfg = Debug|Any CPU
		{C75BF451-5658-4FD3-B4DA-D7D4550FDE05}.Debug|Any CPU.Build.0 = Debug|Any CPU
		{C75BF451-5658-4FD3-B4DA-D7D4550FDE05}.Debug|x64.ActiveCfg = Debug|x64
		{C75BF451-5658-4FD3-B4DA-D7D4550FDE05}.Debug|x64.Build.0 = Debug|x64
		{C75BF451-5658-4FD3-B4DA-D7D4550FDE05}.Debug|x86.ActiveCfg = Debug|x86
		{C75BF451-5658-4FD3-B4DA-D7D4550FDE05}.Debug|x86.Build.0 = Debug|x86
		{C75BF451-5658-4FD3-B4DA-D7D4550FDE05}.Dx64|Any CPU.ActiveCfg = Debug|Any CPU
		{C75BF451-5658-4FD3-B4DA-D7D4550FDE05}.Dx64|Any CPU.Build.0 = Debug|Any CPU
		{C75BF451-5658-4FD3-B4DA-D7D4550FDE05}.Dx64|x64.ActiveCfg = Debug|x64
		{C75BF451-5658-4FD3-B4DA-D7D4550FDE05}.Dx64|x64.Build.0 = Debug|x64
		{C75BF451-5658-4FD3-B4DA-D7D4550FDE05}.Dx64|x86.ActiveCfg = Debug|x86
		{C75BF451-5658-4FD3-B4DA-D7D4550FDE05}.Dx64|x86.Build.0 = Debug|x86
		{C75BF451-5658-4FD3-B4DA-D7D4550FDE05}.Release|Any CPU.ActiveCfg = Debug|Any CPU
		{C75BF451-5658-4FD3-B4DA-D7D4550FDE05}.Release|Any CPU.Build.0 = Debug|Any CPU
		{C75BF451-5658-4FD3-B4DA-D7D4550FDE05}.Release|x64.ActiveCfg = Debug|x64
		{C75BF451-5658-4FD3-B4DA-D7D4550FDE05}.Release|x64.Build.0 = Debug|x64
		{C75BF451-5658-4FD3-B4DA-D7D4550FDE05}.Release|x86.ActiveCfg = Debug|x86
		{C75BF451-5658-4FD3-B4DA-D7D4550FDE05}.Release|x86.Build.0 = Debug|x86
		{F9D5CBBF-94DC-43BE-BFFE-7987D14040B8}.Debug|Any CPU.ActiveCfg = Debug|Any CPU
		{F9D5CBBF-94DC-43BE-BFFE-7987D14040B8}.Debug|Any CPU.Build.0 = Debug|Any CPU
		{F9D5CBBF-94DC-43BE-BFFE-7987D14040B8}.Debug|x64.ActiveCfg = Debug|x64
		{F9D5CBBF-94DC-43BE-BFFE-7987D14040B8}.Debug|x64.Build.0 = Debug|x64
		{F9D5CBBF-94DC-43BE-BFFE-7987D14040B8}.Debug|x86.ActiveCfg = Debug|x86
		{F9D5CBBF-94DC-43BE-BFFE-7987D14040B8}.Debug|x86.Build.0 = Debug|x86
		{F9D5CBBF-94DC-43BE-BFFE-7987D14040B8}.Dx64|Any CPU.ActiveCfg = Debug|Any CPU
		{F9D5CBBF-94DC-43BE-BFFE-7987D14040B8}.Dx64|Any CPU.Build.0 = Debug|Any CPU
		{F9D5CBBF-94DC-43BE-BFFE-7987D14040B8}.Dx64|x64.ActiveCfg = Debug|x64
		{F9D5CBBF-94DC-43BE-BFFE-7987D14040B8}.Dx64|x64.Build.0 = Debug|x64
		{F9D5CBBF-94DC-43BE-BFFE-7987D14040B8}.Dx64|x86.ActiveCfg = Debug|x86
		{F9D5CBBF-94DC-43BE-BFFE-7987D14040B8}.Dx64|x86.Build.0 = Debug|x86
		{F9D5CBBF-94DC-43BE-BFFE-7987D14040B8}.Release|Any CPU.ActiveCfg = Debug|Any CPU
		{F9D5CBBF-94DC-43BE-BFFE-7987D14040B8}.Release|Any CPU.Build.0 = Debug|Any CPU
		{F9D5CBBF-94DC-43BE-BFFE-7987D14040B8}.Release|x64.ActiveCfg = Debug|x64
		{F9D5CBBF-94DC-43BE-BFFE-7987D14040B8}.Release|x64.Build.0 = Debug|x64
		{F9D5CBBF-94DC-43BE-BFFE-7987D14040B8}.Release|x86.ActiveCfg = Debug|x86
		{F9D5CBBF-94DC-43BE-BFFE-7987D14040B8}.Release|x86.Build.0 = Debug|x86
		{0BFE2F2D-55C4-495C-A59C-C616B19FEEE9}.Debug|Any CPU.ActiveCfg = Debug|Any CPU
		{0BFE2F2D-55C4-495C-A59C-C616B19FEEE9}.Debug|Any CPU.Build.0 = Debug|Any CPU
		{0BFE2F2D-55C4-495C-A59C-C616B19FEEE9}.Debug|Any CPU.Deploy.0 = Debug|Any CPU
		{0BFE2F2D-55C4-495C-A59C-C616B19FEEE9}.Debug|x64.ActiveCfg = Debug|Any CPU
		{0BFE2F2D-55C4-495C-A59C-C616B19FEEE9}.Debug|x64.Build.0 = Debug|Any CPU
		{0BFE2F2D-55C4-495C-A59C-C616B19FEEE9}.Debug|x64.Deploy.0 = Debug|Any CPU
		{0BFE2F2D-55C4-495C-A59C-C616B19FEEE9}.Debug|x86.ActiveCfg = Debug|Any CPU
		{0BFE2F2D-55C4-495C-A59C-C616B19FEEE9}.Debug|x86.Build.0 = Debug|Any CPU
		{0BFE2F2D-55C4-495C-A59C-C616B19FEEE9}.Debug|x86.Deploy.0 = Debug|Any CPU
		{0BFE2F2D-55C4-495C-A59C-C616B19FEEE9}.Dx64|Any CPU.ActiveCfg = Debug|Any CPU
		{0BFE2F2D-55C4-495C-A59C-C616B19FEEE9}.Dx64|Any CPU.Build.0 = Debug|Any CPU
		{0BFE2F2D-55C4-495C-A59C-C616B19FEEE9}.Dx64|Any CPU.Deploy.0 = Debug|Any CPU
		{0BFE2F2D-55C4-495C-A59C-C616B19FEEE9}.Dx64|x64.ActiveCfg = Debug|Any CPU
		{0BFE2F2D-55C4-495C-A59C-C616B19FEEE9}.Dx64|x64.Build.0 = Debug|Any CPU
		{0BFE2F2D-55C4-495C-A59C-C616B19FEEE9}.Dx64|x64.Deploy.0 = Debug|Any CPU
		{0BFE2F2D-55C4-495C-A59C-C616B19FEEE9}.Dx64|x86.ActiveCfg = Debug|Any CPU
		{0BFE2F2D-55C4-495C-A59C-C616B19FEEE9}.Dx64|x86.Build.0 = Debug|Any CPU
		{0BFE2F2D-55C4-495C-A59C-C616B19FEEE9}.Dx64|x86.Deploy.0 = Debug|Any CPU
		{0BFE2F2D-55C4-495C-A59C-C616B19FEEE9}.Release|Any CPU.ActiveCfg = Release|Any CPU
		{0BFE2F2D-55C4-495C-A59C-C616B19FEEE9}.Release|Any CPU.Build.0 = Release|Any CPU
		{0BFE2F2D-55C4-495C-A59C-C616B19FEEE9}.Release|Any CPU.Deploy.0 = Release|Any CPU
		{0BFE2F2D-55C4-495C-A59C-C616B19FEEE9}.Release|x64.ActiveCfg = Release|Any CPU
		{0BFE2F2D-55C4-495C-A59C-C616B19FEEE9}.Release|x64.Build.0 = Release|Any CPU
		{0BFE2F2D-55C4-495C-A59C-C616B19FEEE9}.Release|x64.Deploy.0 = Release|Any CPU
		{0BFE2F2D-55C4-495C-A59C-C616B19FEEE9}.Release|x86.ActiveCfg = Release|Any CPU
		{0BFE2F2D-55C4-495C-A59C-C616B19FEEE9}.Release|x86.Build.0 = Release|Any CPU
		{0BFE2F2D-55C4-495C-A59C-C616B19FEEE9}.Release|x86.Deploy.0 = Release|Any CPU
		{43C6EBF6-B693-47E5-99F2-A446A96BB4F3}.Debug|Any CPU.ActiveCfg = Debug|Any CPU
		{43C6EBF6-B693-47E5-99F2-A446A96BB4F3}.Debug|Any CPU.Build.0 = Debug|Any CPU
		{43C6EBF6-B693-47E5-99F2-A446A96BB4F3}.Debug|Any CPU.Deploy.0 = Debug|Any CPU
		{43C6EBF6-B693-47E5-99F2-A446A96BB4F3}.Debug|x64.ActiveCfg = Debug|Any CPU
		{43C6EBF6-B693-47E5-99F2-A446A96BB4F3}.Debug|x64.Build.0 = Debug|Any CPU
		{43C6EBF6-B693-47E5-99F2-A446A96BB4F3}.Debug|x64.Deploy.0 = Debug|Any CPU
		{43C6EBF6-B693-47E5-99F2-A446A96BB4F3}.Debug|x86.ActiveCfg = Debug|Any CPU
		{43C6EBF6-B693-47E5-99F2-A446A96BB4F3}.Debug|x86.Build.0 = Debug|Any CPU
		{43C6EBF6-B693-47E5-99F2-A446A96BB4F3}.Debug|x86.Deploy.0 = Debug|Any CPU
		{43C6EBF6-B693-47E5-99F2-A446A96BB4F3}.Dx64|Any CPU.ActiveCfg = Debug|Any CPU
		{43C6EBF6-B693-47E5-99F2-A446A96BB4F3}.Dx64|Any CPU.Build.0 = Debug|Any CPU
		{43C6EBF6-B693-47E5-99F2-A446A96BB4F3}.Dx64|Any CPU.Deploy.0 = Debug|Any CPU
		{43C6EBF6-B693-47E5-99F2-A446A96BB4F3}.Dx64|x64.ActiveCfg = Debug|Any CPU
		{43C6EBF6-B693-47E5-99F2-A446A96BB4F3}.Dx64|x64.Build.0 = Debug|Any CPU
		{43C6EBF6-B693-47E5-99F2-A446A96BB4F3}.Dx64|x64.Deploy.0 = Debug|Any CPU
		{43C6EBF6-B693-47E5-99F2-A446A96BB4F3}.Dx64|x86.ActiveCfg = Debug|Any CPU
		{43C6EBF6-B693-47E5-99F2-A446A96BB4F3}.Dx64|x86.Build.0 = Debug|Any CPU
		{43C6EBF6-B693-47E5-99F2-A446A96BB4F3}.Dx64|x86.Deploy.0 = Debug|Any CPU
		{43C6EBF6-B693-47E5-99F2-A446A96BB4F3}.Release|Any CPU.ActiveCfg = Release|Any CPU
		{43C6EBF6-B693-47E5-99F2-A446A96BB4F3}.Release|Any CPU.Build.0 = Release|Any CPU
		{43C6EBF6-B693-47E5-99F2-A446A96BB4F3}.Release|Any CPU.Deploy.0 = Release|Any CPU
		{43C6EBF6-B693-47E5-99F2-A446A96BB4F3}.Release|x64.ActiveCfg = Release|Any CPU
		{43C6EBF6-B693-47E5-99F2-A446A96BB4F3}.Release|x64.Build.0 = Release|Any CPU
		{43C6EBF6-B693-47E5-99F2-A446A96BB4F3}.Release|x64.Deploy.0 = Release|Any CPU
		{43C6EBF6-B693-47E5-99F2-A446A96BB4F3}.Release|x86.ActiveCfg = Release|Any CPU
		{43C6EBF6-B693-47E5-99F2-A446A96BB4F3}.Release|x86.Build.0 = Release|Any CPU
		{43C6EBF6-B693-47E5-99F2-A446A96BB4F3}.Release|x86.Deploy.0 = Release|Any CPU
		{8CE754CA-67AE-46EF-ADCA-E6A29EAB433D}.Debug|Any CPU.ActiveCfg = Debug|Any CPU
		{8CE754CA-67AE-46EF-ADCA-E6A29EAB433D}.Debug|Any CPU.Build.0 = Debug|Any CPU
		{8CE754CA-67AE-46EF-ADCA-E6A29EAB433D}.Debug|Any CPU.Deploy.0 = Debug|Any CPU
		{8CE754CA-67AE-46EF-ADCA-E6A29EAB433D}.Debug|x64.ActiveCfg = Debug|Any CPU
		{8CE754CA-67AE-46EF-ADCA-E6A29EAB433D}.Debug|x64.Build.0 = Debug|Any CPU
		{8CE754CA-67AE-46EF-ADCA-E6A29EAB433D}.Debug|x64.Deploy.0 = Debug|Any CPU
		{8CE754CA-67AE-46EF-ADCA-E6A29EAB433D}.Debug|x86.ActiveCfg = Debug|Any CPU
		{8CE754CA-67AE-46EF-ADCA-E6A29EAB433D}.Debug|x86.Build.0 = Debug|Any CPU
		{8CE754CA-67AE-46EF-ADCA-E6A29EAB433D}.Debug|x86.Deploy.0 = Debug|Any CPU
		{8CE754CA-67AE-46EF-ADCA-E6A29EAB433D}.Dx64|Any CPU.ActiveCfg = Debug|Any CPU
		{8CE754CA-67AE-46EF-ADCA-E6A29EAB433D}.Dx64|Any CPU.Build.0 = Debug|Any CPU
		{8CE754CA-67AE-46EF-ADCA-E6A29EAB433D}.Dx64|Any CPU.Deploy.0 = Debug|Any CPU
		{8CE754CA-67AE-46EF-ADCA-E6A29EAB433D}.Dx64|x64.ActiveCfg = Debug|Any CPU
		{8CE754CA-67AE-46EF-ADCA-E6A29EAB433D}.Dx64|x64.Build.0 = Debug|Any CPU
		{8CE754CA-67AE-46EF-ADCA-E6A29EAB433D}.Dx64|x64.Deploy.0 = Debug|Any CPU
		{8CE754CA-67AE-46EF-ADCA-E6A29EAB433D}.Dx64|x86.ActiveCfg = Debug|Any CPU
		{8CE754CA-67AE-46EF-ADCA-E6A29EAB433D}.Dx64|x86.Build.0 = Debug|Any CPU
		{8CE754CA-67AE-46EF-ADCA-E6A29EAB433D}.Dx64|x86.Deploy.0 = Debug|Any CPU
		{8CE754CA-67AE-46EF-ADCA-E6A29EAB433D}.Release|Any CPU.ActiveCfg = Release|Any CPU
		{8CE754CA-67AE-46EF-ADCA-E6A29EAB433D}.Release|Any CPU.Build.0 = Release|Any CPU
		{8CE754CA-67AE-46EF-ADCA-E6A29EAB433D}.Release|Any CPU.Deploy.0 = Release|Any CPU
		{8CE754CA-67AE-46EF-ADCA-E6A29EAB433D}.Release|x64.ActiveCfg = Release|Any CPU
		{8CE754CA-67AE-46EF-ADCA-E6A29EAB433D}.Release|x64.Build.0 = Release|Any CPU
		{8CE754CA-67AE-46EF-ADCA-E6A29EAB433D}.Release|x64.Deploy.0 = Release|Any CPU
		{8CE754CA-67AE-46EF-ADCA-E6A29EAB433D}.Release|x86.ActiveCfg = Release|Any CPU
		{8CE754CA-67AE-46EF-ADCA-E6A29EAB433D}.Release|x86.Build.0 = Release|Any CPU
		{8CE754CA-67AE-46EF-ADCA-E6A29EAB433D}.Release|x86.Deploy.0 = Release|Any CPU
	EndGlobalSection
	GlobalSection(SolutionProperties) = preSolution
		HideSolutionNode = FALSE
	EndGlobalSection
EndGlobal
