
Microsoft Visual Studio Solution File, Format Version 12.00
# Visual Studio 14
VisualStudioVersion = 14.0.23107.0
MinimumVisualStudioVersion = 10.0.40219.1
Project("{F2A71F9B-5D33-465A-A702-920D77279786}") = "IQ.Core.Framework", "IQ.Core.Framework\IQ.Core.Framework.fsproj", "{8E2497E0-941B-4CA7-AB78-4CA15291C56A}"
EndProject
Project("{F2A71F9B-5D33-465A-A702-920D77279786}") = "IQ.Core.Framework.Test", "IQ.Core.Framework.Test\IQ.Core.Framework.Test.fsproj", "{DE54CD5C-085F-4401-B4DF-EFFED26EEC33}"
EndProject
Project("{F2A71F9B-5D33-465A-A702-920D77279786}") = "IQ.Core.TestFramework", "IQ.Core.TestFramework\IQ.Core.TestFramework.fsproj", "{F9D5CBBF-94DC-43BE-BFFE-7987D14040B8}"
EndProject
Project("{F2A71F9B-5D33-465A-A702-920D77279786}") = "IQ.Core.Data.Sql", "IQ.Core.Data.Sql\IQ.Core.Data.Sql.fsproj", "{29AEDCF6-3187-4C89-AA30-D3D60A8E3379}"
EndProject
Project("{F2A71F9B-5D33-465A-A702-920D77279786}") = "IQ.Core.Data.Sql.Test", "IQ.Core.Data.Sql.Test\IQ.Core.Data.Sql.Test.fsproj", "{55DA7577-AE7F-4684-9348-9D16E308E070}"
EndProject
Project("{F2A71F9B-5D33-465A-A702-920D77279786}") = "IQ.Core.Data.Test", "IQ.Core.Data.Test\IQ.Core.Data.Test.fsproj", "{C75BF451-5658-4FD3-B4DA-D7D4550FDE05}"
EndProject
Project("{2150E333-8FDC-42A3-9474-1A3956D46DE8}") = ".nuget", ".nuget", "{B525A371-90B2-439F-8337-444F82EDE509}"
	ProjectSection(SolutionItems) = preProject
		.nuget\NuGet.Config = .nuget\NuGet.Config
		.nuget\NuGet.exe = .nuget\NuGet.exe
		.nuget\NuGet.targets = .nuget\NuGet.targets
	EndProjectSection
EndProject
Project("{2150E333-8FDC-42A3-9474-1A3956D46DE8}") = "Solution Items", "Solution Items", "{0F6D4AD3-7F33-45B2-8343-A3710FE39048}"
	ProjectSection(SolutionItems) = preProject
		.gitignore = .gitignore
		build.props = build.props
		indexcode.bat = indexcode.bat
		isocore.nuspec = isocore.nuspec
		License.txt = License.txt
		Notes.txt = Notes.txt
		package.fsx = package.fsx
		runtests.bat = runtests.bat
	EndProjectSection
EndProject
Project("{F2A71F9B-5D33-465A-A702-920D77279786}") = "IQ.Core.Contracts", "IQ.Core.Contracts\IQ.Core.Contracts.fsproj", "{8690D158-DD5F-4B78-B542-A4CD5757C20C}"
EndProject
Project("{F2A71F9B-5D33-465A-A702-920D77279786}") = "IQ.Core.Math", "IQ.Core.Math\IQ.Core.Math.fsproj", "{D01A6D75-53F1-4814-BE92-5F69113AD1B9}"
EndProject
Project("{F2A71F9B-5D33-465A-A702-920D77279786}") = "IQ.Core.Synthetics", "IQ.Core.Synthetics\IQ.Core.Synthetics.fsproj", "{206D0DDC-B382-41FA-AE8E-CE82724648C9}"
EndProject
Project("{F2A71F9B-5D33-465A-A702-920D77279786}") = "IQ.Core.Synthetics.Test", "IQ.Core.Synthetics.Test\IQ.Core.Synthetics.Test.fsproj", "{35778FD1-5FC5-4815-809E-E654DAE6ECF2}"
EndProject
Project("{F2A71F9B-5D33-465A-A702-920D77279786}") = "IQ.Core.MetaCode", "IQ.Core.MetaCode\IQ.Core.MetaCode.fsproj", "{1B4F1280-E097-4A56-8181-FB9668E2C618}"
EndProject
Project("{F2A71F9B-5D33-465A-A702-920D77279786}") = "IQ.Core.MetaCode.Test", "IQ.Core.MetaCode.Test\IQ.Core.MetaCode.Test.fsproj", "{20EB4271-A3E0-4B13-8162-7A87A9D90964}"
EndProject
Project("{F2A71F9B-5D33-465A-A702-920D77279786}") = "IQ.Core.MetaCode.Shell", "IQ.Core.MetaCode.Shell\IQ.Core.MetaCode.Shell.fsproj", "{DDC35261-4953-4F0D-99D9-8C5A1BB24636}"
EndProject
Project("{F2A71F9B-5D33-465A-A702-920D77279786}") = "IQ.Core.Data", "IQ.Core.Data\IQ.Core.Data.fsproj", "{5D4ADA5C-B453-432C-A419-81BF001EDD14}"
EndProject
Project("{F2A71F9B-5D33-465A-A702-920D77279786}") = "IQ.Core.Data.Excel", "IQ.Core.Data.Excel\IQ.Core.Data.Excel.fsproj", "{94EFA850-9E4F-4808-A152-B09A43885A91}"
EndProject
Project("{F2A71F9B-5D33-465A-A702-920D77279786}") = "IQ.Core.Data.Excel.Test", "IQ.Core.Data.Excel.Test\IQ.Core.Data.Excel.Test.fsproj", "{6A5C1931-EA77-4203-A589-EAD23C7DC381}"
EndProject
Project("{00D1A9C2-B5F0-4AF3-8072-F6C62B433612}") = "IQ.Schemas.Core", "IQ.Schemas.Core\IQ.Schemas.Core.sqlproj", "{0BFE2F2D-55C4-495C-A59C-C616B19FEEE9}"
EndProject
Project("{00D1A9C2-B5F0-4AF3-8072-F6C62B433612}") = "IQ.Schemas.Metadata", "IQ.Schemas.Metadata\IQ.Schemas.Metadata.sqlproj", "{8CE754CA-67AE-46EF-ADCA-E6A29EAB433D}"
EndProject
Project("{00D1A9C2-B5F0-4AF3-8072-F6C62B433612}") = "IQ.Schemas.Test", "IQ.Schemas.Test\IQ.Schemas.Test.sqlproj", "{43C6EBF6-B693-47E5-99F2-A446A96BB4F3}"
EndProject
Project("{FAE04EC0-301F-11D3-BF4B-00C04F79EFBC}") = "IQ.Core.Package", "IQ.Core.Package\IQ.Core.Package.csproj", "{4C8BD733-82E2-465C-8C5E-5813939B5425}"
EndProject
Project("{FAE04EC0-301F-11D3-BF4B-00C04F79EFBC}") = "IQ.Core.Data.Sql.Test.CSharp", "IQ.Core.Data.Sql.Test.CSharp\IQ.Core.Data.Sql.Test.CSharp.csproj", "{F0058248-4034-4996-8AEE-29C97B95456E}"
EndProject
Project("{F2A71F9B-5D33-465A-A702-920D77279786}") = "IQ.Core.Data.Test.Common", "IQ.Core.Data.Test.Common\IQ.Core.Data.Test.Common.fsproj", "{4A63B16D-2D65-4A6C-A1DD-B0D555AB9018}"
EndProject
Global
	GlobalSection(SolutionConfigurationPlatforms) = preSolution
		Debug|Any CPU = Debug|Any CPU
		Debug|x64 = Debug|x64
		Debug|x86 = Debug|x86
		Release|Any CPU = Release|Any CPU
		Release|x64 = Release|x64
		Release|x86 = Release|x86
	EndGlobalSection
	GlobalSection(ProjectConfigurationPlatforms) = postSolution
		{8E2497E0-941B-4CA7-AB78-4CA15291C56A}.Debug|Any CPU.ActiveCfg = Debug|Any CPU
		{8E2497E0-941B-4CA7-AB78-4CA15291C56A}.Debug|Any CPU.Build.0 = Debug|Any CPU
		{8E2497E0-941B-4CA7-AB78-4CA15291C56A}.Debug|x64.ActiveCfg = Debug|x64
		{8E2497E0-941B-4CA7-AB78-4CA15291C56A}.Debug|x64.Build.0 = Debug|x64
		{8E2497E0-941B-4CA7-AB78-4CA15291C56A}.Debug|x86.ActiveCfg = Debug|x86
		{8E2497E0-941B-4CA7-AB78-4CA15291C56A}.Debug|x86.Build.0 = Debug|x86
		{8E2497E0-941B-4CA7-AB78-4CA15291C56A}.Release|Any CPU.ActiveCfg = Release|Any CPU
		{8E2497E0-941B-4CA7-AB78-4CA15291C56A}.Release|Any CPU.Build.0 = Release|Any CPU
		{8E2497E0-941B-4CA7-AB78-4CA15291C56A}.Release|x64.ActiveCfg = Release|x64
		{8E2497E0-941B-4CA7-AB78-4CA15291C56A}.Release|x64.Build.0 = Release|x64
		{8E2497E0-941B-4CA7-AB78-4CA15291C56A}.Release|x86.ActiveCfg = Release|x86
		{8E2497E0-941B-4CA7-AB78-4CA15291C56A}.Release|x86.Build.0 = Release|x86
		{DE54CD5C-085F-4401-B4DF-EFFED26EEC33}.Debug|Any CPU.ActiveCfg = Debug|Any CPU
		{DE54CD5C-085F-4401-B4DF-EFFED26EEC33}.Debug|Any CPU.Build.0 = Debug|Any CPU
		{DE54CD5C-085F-4401-B4DF-EFFED26EEC33}.Debug|x64.ActiveCfg = Debug|x64
		{DE54CD5C-085F-4401-B4DF-EFFED26EEC33}.Debug|x64.Build.0 = Debug|x64
		{DE54CD5C-085F-4401-B4DF-EFFED26EEC33}.Debug|x86.ActiveCfg = Debug|x86
		{DE54CD5C-085F-4401-B4DF-EFFED26EEC33}.Debug|x86.Build.0 = Debug|x86
		{DE54CD5C-085F-4401-B4DF-EFFED26EEC33}.Release|Any CPU.ActiveCfg = Debug|Any CPU
		{DE54CD5C-085F-4401-B4DF-EFFED26EEC33}.Release|Any CPU.Build.0 = Debug|Any CPU
		{DE54CD5C-085F-4401-B4DF-EFFED26EEC33}.Release|x64.ActiveCfg = Debug|Any CPU
		{DE54CD5C-085F-4401-B4DF-EFFED26EEC33}.Release|x64.Build.0 = Debug|Any CPU
		{DE54CD5C-085F-4401-B4DF-EFFED26EEC33}.Release|x86.ActiveCfg = Debug|Any CPU
		{DE54CD5C-085F-4401-B4DF-EFFED26EEC33}.Release|x86.Build.0 = Debug|Any CPU
		{F9D5CBBF-94DC-43BE-BFFE-7987D14040B8}.Debug|Any CPU.ActiveCfg = Debug|Any CPU
		{F9D5CBBF-94DC-43BE-BFFE-7987D14040B8}.Debug|Any CPU.Build.0 = Debug|Any CPU
		{F9D5CBBF-94DC-43BE-BFFE-7987D14040B8}.Debug|x64.ActiveCfg = Debug|x64
		{F9D5CBBF-94DC-43BE-BFFE-7987D14040B8}.Debug|x64.Build.0 = Debug|x64
		{F9D5CBBF-94DC-43BE-BFFE-7987D14040B8}.Debug|x86.ActiveCfg = Debug|x86
		{F9D5CBBF-94DC-43BE-BFFE-7987D14040B8}.Debug|x86.Build.0 = Debug|x86
		{F9D5CBBF-94DC-43BE-BFFE-7987D14040B8}.Release|Any CPU.ActiveCfg = Release|Any CPU
		{F9D5CBBF-94DC-43BE-BFFE-7987D14040B8}.Release|Any CPU.Build.0 = Release|Any CPU
		{F9D5CBBF-94DC-43BE-BFFE-7987D14040B8}.Release|x64.ActiveCfg = Release|x64
		{F9D5CBBF-94DC-43BE-BFFE-7987D14040B8}.Release|x64.Build.0 = Release|x64
		{F9D5CBBF-94DC-43BE-BFFE-7987D14040B8}.Release|x86.ActiveCfg = Release|x86
		{F9D5CBBF-94DC-43BE-BFFE-7987D14040B8}.Release|x86.Build.0 = Release|x86
		{29AEDCF6-3187-4C89-AA30-D3D60A8E3379}.Debug|Any CPU.ActiveCfg = Debug|Any CPU
		{29AEDCF6-3187-4C89-AA30-D3D60A8E3379}.Debug|Any CPU.Build.0 = Debug|Any CPU
		{29AEDCF6-3187-4C89-AA30-D3D60A8E3379}.Debug|x64.ActiveCfg = Debug|x64
		{29AEDCF6-3187-4C89-AA30-D3D60A8E3379}.Debug|x64.Build.0 = Debug|x64
		{29AEDCF6-3187-4C89-AA30-D3D60A8E3379}.Debug|x86.ActiveCfg = Debug|x86
		{29AEDCF6-3187-4C89-AA30-D3D60A8E3379}.Debug|x86.Build.0 = Debug|x86
		{29AEDCF6-3187-4C89-AA30-D3D60A8E3379}.Release|Any CPU.ActiveCfg = Release|Any CPU
		{29AEDCF6-3187-4C89-AA30-D3D60A8E3379}.Release|Any CPU.Build.0 = Release|Any CPU
		{29AEDCF6-3187-4C89-AA30-D3D60A8E3379}.Release|x64.ActiveCfg = Release|x64
		{29AEDCF6-3187-4C89-AA30-D3D60A8E3379}.Release|x64.Build.0 = Release|x64
		{29AEDCF6-3187-4C89-AA30-D3D60A8E3379}.Release|x86.ActiveCfg = Release|x86
		{29AEDCF6-3187-4C89-AA30-D3D60A8E3379}.Release|x86.Build.0 = Release|x86
		{55DA7577-AE7F-4684-9348-9D16E308E070}.Debug|Any CPU.ActiveCfg = Debug|Any CPU
		{55DA7577-AE7F-4684-9348-9D16E308E070}.Debug|Any CPU.Build.0 = Debug|Any CPU
		{55DA7577-AE7F-4684-9348-9D16E308E070}.Debug|x64.ActiveCfg = Debug|x64
		{55DA7577-AE7F-4684-9348-9D16E308E070}.Debug|x64.Build.0 = Debug|x64
		{55DA7577-AE7F-4684-9348-9D16E308E070}.Debug|x86.ActiveCfg = Debug|x86
		{55DA7577-AE7F-4684-9348-9D16E308E070}.Debug|x86.Build.0 = Debug|x86
		{55DA7577-AE7F-4684-9348-9D16E308E070}.Release|Any CPU.ActiveCfg = Release|Any CPU
		{55DA7577-AE7F-4684-9348-9D16E308E070}.Release|Any CPU.Build.0 = Release|Any CPU
		{55DA7577-AE7F-4684-9348-9D16E308E070}.Release|x64.ActiveCfg = Release|x64
		{55DA7577-AE7F-4684-9348-9D16E308E070}.Release|x64.Build.0 = Release|x64
		{55DA7577-AE7F-4684-9348-9D16E308E070}.Release|x86.ActiveCfg = Release|x86
		{55DA7577-AE7F-4684-9348-9D16E308E070}.Release|x86.Build.0 = Release|x86
		{C75BF451-5658-4FD3-B4DA-D7D4550FDE05}.Debug|Any CPU.ActiveCfg = Debug|Any CPU
		{C75BF451-5658-4FD3-B4DA-D7D4550FDE05}.Debug|Any CPU.Build.0 = Debug|Any CPU
		{C75BF451-5658-4FD3-B4DA-D7D4550FDE05}.Debug|x64.ActiveCfg = Debug|x64
		{C75BF451-5658-4FD3-B4DA-D7D4550FDE05}.Debug|x64.Build.0 = Debug|x64
		{C75BF451-5658-4FD3-B4DA-D7D4550FDE05}.Debug|x86.ActiveCfg = Debug|x86
		{C75BF451-5658-4FD3-B4DA-D7D4550FDE05}.Debug|x86.Build.0 = Debug|x86
		{C75BF451-5658-4FD3-B4DA-D7D4550FDE05}.Release|Any CPU.ActiveCfg = Release|Any CPU
		{C75BF451-5658-4FD3-B4DA-D7D4550FDE05}.Release|Any CPU.Build.0 = Release|Any CPU
		{C75BF451-5658-4FD3-B4DA-D7D4550FDE05}.Release|x64.ActiveCfg = Release|x64
		{C75BF451-5658-4FD3-B4DA-D7D4550FDE05}.Release|x64.Build.0 = Release|x64
		{C75BF451-5658-4FD3-B4DA-D7D4550FDE05}.Release|x86.ActiveCfg = Release|x86
		{C75BF451-5658-4FD3-B4DA-D7D4550FDE05}.Release|x86.Build.0 = Release|x86
		{8690D158-DD5F-4B78-B542-A4CD5757C20C}.Debug|Any CPU.ActiveCfg = Debug|Any CPU
		{8690D158-DD5F-4B78-B542-A4CD5757C20C}.Debug|Any CPU.Build.0 = Debug|Any CPU
		{8690D158-DD5F-4B78-B542-A4CD5757C20C}.Debug|x64.ActiveCfg = Debug|x64
		{8690D158-DD5F-4B78-B542-A4CD5757C20C}.Debug|x64.Build.0 = Debug|x64
		{8690D158-DD5F-4B78-B542-A4CD5757C20C}.Debug|x86.ActiveCfg = Debug|x86
		{8690D158-DD5F-4B78-B542-A4CD5757C20C}.Debug|x86.Build.0 = Debug|x86
		{8690D158-DD5F-4B78-B542-A4CD5757C20C}.Release|Any CPU.ActiveCfg = Release|Any CPU
		{8690D158-DD5F-4B78-B542-A4CD5757C20C}.Release|Any CPU.Build.0 = Release|Any CPU
		{8690D158-DD5F-4B78-B542-A4CD5757C20C}.Release|x64.ActiveCfg = Release|x64
		{8690D158-DD5F-4B78-B542-A4CD5757C20C}.Release|x64.Build.0 = Release|x64
		{8690D158-DD5F-4B78-B542-A4CD5757C20C}.Release|x86.ActiveCfg = Release|x86
		{8690D158-DD5F-4B78-B542-A4CD5757C20C}.Release|x86.Build.0 = Release|x86
		{D01A6D75-53F1-4814-BE92-5F69113AD1B9}.Debug|Any CPU.ActiveCfg = Debug|Any CPU
		{D01A6D75-53F1-4814-BE92-5F69113AD1B9}.Debug|Any CPU.Build.0 = Debug|Any CPU
		{D01A6D75-53F1-4814-BE92-5F69113AD1B9}.Debug|x64.ActiveCfg = Debug|x64
		{D01A6D75-53F1-4814-BE92-5F69113AD1B9}.Debug|x64.Build.0 = Debug|x64
		{D01A6D75-53F1-4814-BE92-5F69113AD1B9}.Debug|x86.ActiveCfg = Debug|x86
		{D01A6D75-53F1-4814-BE92-5F69113AD1B9}.Debug|x86.Build.0 = Debug|x86
		{D01A6D75-53F1-4814-BE92-5F69113AD1B9}.Release|Any CPU.ActiveCfg = Release|Any CPU
		{D01A6D75-53F1-4814-BE92-5F69113AD1B9}.Release|Any CPU.Build.0 = Release|Any CPU
		{D01A6D75-53F1-4814-BE92-5F69113AD1B9}.Release|x64.ActiveCfg = Release|x64
		{D01A6D75-53F1-4814-BE92-5F69113AD1B9}.Release|x64.Build.0 = Release|x64
		{D01A6D75-53F1-4814-BE92-5F69113AD1B9}.Release|x86.ActiveCfg = Release|x86
		{D01A6D75-53F1-4814-BE92-5F69113AD1B9}.Release|x86.Build.0 = Release|x86
		{206D0DDC-B382-41FA-AE8E-CE82724648C9}.Debug|Any CPU.ActiveCfg = Debug|Any CPU
		{206D0DDC-B382-41FA-AE8E-CE82724648C9}.Debug|Any CPU.Build.0 = Debug|Any CPU
		{206D0DDC-B382-41FA-AE8E-CE82724648C9}.Debug|x64.ActiveCfg = Debug|x64
		{206D0DDC-B382-41FA-AE8E-CE82724648C9}.Debug|x64.Build.0 = Debug|x64
		{206D0DDC-B382-41FA-AE8E-CE82724648C9}.Debug|x86.ActiveCfg = Debug|x86
		{206D0DDC-B382-41FA-AE8E-CE82724648C9}.Debug|x86.Build.0 = Debug|x86
		{206D0DDC-B382-41FA-AE8E-CE82724648C9}.Release|Any CPU.ActiveCfg = Release|Any CPU
		{206D0DDC-B382-41FA-AE8E-CE82724648C9}.Release|Any CPU.Build.0 = Release|Any CPU
		{206D0DDC-B382-41FA-AE8E-CE82724648C9}.Release|x64.ActiveCfg = Release|x64
		{206D0DDC-B382-41FA-AE8E-CE82724648C9}.Release|x64.Build.0 = Release|x64
		{206D0DDC-B382-41FA-AE8E-CE82724648C9}.Release|x86.ActiveCfg = Release|x86
		{206D0DDC-B382-41FA-AE8E-CE82724648C9}.Release|x86.Build.0 = Release|x86
		{35778FD1-5FC5-4815-809E-E654DAE6ECF2}.Debug|Any CPU.ActiveCfg = Debug|Any CPU
		{35778FD1-5FC5-4815-809E-E654DAE6ECF2}.Debug|Any CPU.Build.0 = Debug|Any CPU
		{35778FD1-5FC5-4815-809E-E654DAE6ECF2}.Debug|x64.ActiveCfg = Debug|x64
		{35778FD1-5FC5-4815-809E-E654DAE6ECF2}.Debug|x64.Build.0 = Debug|x64
		{35778FD1-5FC5-4815-809E-E654DAE6ECF2}.Debug|x86.ActiveCfg = Debug|x86
		{35778FD1-5FC5-4815-809E-E654DAE6ECF2}.Debug|x86.Build.0 = Debug|x86
		{35778FD1-5FC5-4815-809E-E654DAE6ECF2}.Release|Any CPU.ActiveCfg = Release|Any CPU
		{35778FD1-5FC5-4815-809E-E654DAE6ECF2}.Release|Any CPU.Build.0 = Release|Any CPU
		{35778FD1-5FC5-4815-809E-E654DAE6ECF2}.Release|x64.ActiveCfg = Release|x64
		{35778FD1-5FC5-4815-809E-E654DAE6ECF2}.Release|x64.Build.0 = Release|x64
		{35778FD1-5FC5-4815-809E-E654DAE6ECF2}.Release|x86.ActiveCfg = Release|x86
		{35778FD1-5FC5-4815-809E-E654DAE6ECF2}.Release|x86.Build.0 = Release|x86
		{1B4F1280-E097-4A56-8181-FB9668E2C618}.Debug|Any CPU.ActiveCfg = Debug|Any CPU
		{1B4F1280-E097-4A56-8181-FB9668E2C618}.Debug|Any CPU.Build.0 = Debug|Any CPU
		{1B4F1280-E097-4A56-8181-FB9668E2C618}.Debug|x64.ActiveCfg = Debug|x64
		{1B4F1280-E097-4A56-8181-FB9668E2C618}.Debug|x64.Build.0 = Debug|x64
		{1B4F1280-E097-4A56-8181-FB9668E2C618}.Debug|x86.ActiveCfg = Debug|x86
		{1B4F1280-E097-4A56-8181-FB9668E2C618}.Debug|x86.Build.0 = Debug|x86
		{1B4F1280-E097-4A56-8181-FB9668E2C618}.Release|Any CPU.ActiveCfg = Release|Any CPU
		{1B4F1280-E097-4A56-8181-FB9668E2C618}.Release|Any CPU.Build.0 = Release|Any CPU
		{1B4F1280-E097-4A56-8181-FB9668E2C618}.Release|x64.ActiveCfg = Release|x64
		{1B4F1280-E097-4A56-8181-FB9668E2C618}.Release|x64.Build.0 = Release|x64
		{1B4F1280-E097-4A56-8181-FB9668E2C618}.Release|x86.ActiveCfg = Release|x86
		{1B4F1280-E097-4A56-8181-FB9668E2C618}.Release|x86.Build.0 = Release|x86
		{20EB4271-A3E0-4B13-8162-7A87A9D90964}.Debug|Any CPU.ActiveCfg = Debug|Any CPU
		{20EB4271-A3E0-4B13-8162-7A87A9D90964}.Debug|Any CPU.Build.0 = Debug|Any CPU
		{20EB4271-A3E0-4B13-8162-7A87A9D90964}.Debug|x64.ActiveCfg = Debug|x64
		{20EB4271-A3E0-4B13-8162-7A87A9D90964}.Debug|x64.Build.0 = Debug|x64
		{20EB4271-A3E0-4B13-8162-7A87A9D90964}.Debug|x86.ActiveCfg = Debug|x86
		{20EB4271-A3E0-4B13-8162-7A87A9D90964}.Debug|x86.Build.0 = Debug|x86
		{20EB4271-A3E0-4B13-8162-7A87A9D90964}.Release|Any CPU.ActiveCfg = Release|Any CPU
		{20EB4271-A3E0-4B13-8162-7A87A9D90964}.Release|Any CPU.Build.0 = Release|Any CPU
		{20EB4271-A3E0-4B13-8162-7A87A9D90964}.Release|x64.ActiveCfg = Release|x64
		{20EB4271-A3E0-4B13-8162-7A87A9D90964}.Release|x64.Build.0 = Release|x64
		{20EB4271-A3E0-4B13-8162-7A87A9D90964}.Release|x86.ActiveCfg = Release|x86
		{20EB4271-A3E0-4B13-8162-7A87A9D90964}.Release|x86.Build.0 = Release|x86
		{DDC35261-4953-4F0D-99D9-8C5A1BB24636}.Debug|Any CPU.ActiveCfg = Debug|Any CPU
		{DDC35261-4953-4F0D-99D9-8C5A1BB24636}.Debug|Any CPU.Build.0 = Debug|Any CPU
		{DDC35261-4953-4F0D-99D9-8C5A1BB24636}.Debug|x64.ActiveCfg = Debug|x64
		{DDC35261-4953-4F0D-99D9-8C5A1BB24636}.Debug|x64.Build.0 = Debug|x64
		{DDC35261-4953-4F0D-99D9-8C5A1BB24636}.Debug|x86.ActiveCfg = Debug|x86
		{DDC35261-4953-4F0D-99D9-8C5A1BB24636}.Debug|x86.Build.0 = Debug|x86
		{DDC35261-4953-4F0D-99D9-8C5A1BB24636}.Release|Any CPU.ActiveCfg = Release|Any CPU
		{DDC35261-4953-4F0D-99D9-8C5A1BB24636}.Release|Any CPU.Build.0 = Release|Any CPU
		{DDC35261-4953-4F0D-99D9-8C5A1BB24636}.Release|x64.ActiveCfg = Release|x64
		{DDC35261-4953-4F0D-99D9-8C5A1BB24636}.Release|x64.Build.0 = Release|x64
		{DDC35261-4953-4F0D-99D9-8C5A1BB24636}.Release|x86.ActiveCfg = Release|x86
		{DDC35261-4953-4F0D-99D9-8C5A1BB24636}.Release|x86.Build.0 = Release|x86
		{5D4ADA5C-B453-432C-A419-81BF001EDD14}.Debug|Any CPU.ActiveCfg = Debug|Any CPU
		{5D4ADA5C-B453-432C-A419-81BF001EDD14}.Debug|Any CPU.Build.0 = Debug|Any CPU
		{5D4ADA5C-B453-432C-A419-81BF001EDD14}.Debug|x64.ActiveCfg = Debug|x64
		{5D4ADA5C-B453-432C-A419-81BF001EDD14}.Debug|x64.Build.0 = Debug|x64
		{5D4ADA5C-B453-432C-A419-81BF001EDD14}.Debug|x86.ActiveCfg = Debug|x86
		{5D4ADA5C-B453-432C-A419-81BF001EDD14}.Debug|x86.Build.0 = Debug|x86
		{5D4ADA5C-B453-432C-A419-81BF001EDD14}.Release|Any CPU.ActiveCfg = Release|Any CPU
		{5D4ADA5C-B453-432C-A419-81BF001EDD14}.Release|Any CPU.Build.0 = Release|Any CPU
		{5D4ADA5C-B453-432C-A419-81BF001EDD14}.Release|x64.ActiveCfg = Release|Any CPU
		{5D4ADA5C-B453-432C-A419-81BF001EDD14}.Release|x64.Build.0 = Release|Any CPU
		{5D4ADA5C-B453-432C-A419-81BF001EDD14}.Release|x86.ActiveCfg = Release|Any CPU
		{5D4ADA5C-B453-432C-A419-81BF001EDD14}.Release|x86.Build.0 = Release|Any CPU
		{94EFA850-9E4F-4808-A152-B09A43885A91}.Debug|Any CPU.ActiveCfg = Debug|Any CPU
		{94EFA850-9E4F-4808-A152-B09A43885A91}.Debug|Any CPU.Build.0 = Debug|Any CPU
		{94EFA850-9E4F-4808-A152-B09A43885A91}.Debug|x64.ActiveCfg = Debug|x64
		{94EFA850-9E4F-4808-A152-B09A43885A91}.Debug|x64.Build.0 = Debug|x64
		{94EFA850-9E4F-4808-A152-B09A43885A91}.Debug|x86.ActiveCfg = Debug|x86
		{94EFA850-9E4F-4808-A152-B09A43885A91}.Debug|x86.Build.0 = Debug|x86
		{94EFA850-9E4F-4808-A152-B09A43885A91}.Release|Any CPU.ActiveCfg = Release|Any CPU
		{94EFA850-9E4F-4808-A152-B09A43885A91}.Release|Any CPU.Build.0 = Release|Any CPU
		{94EFA850-9E4F-4808-A152-B09A43885A91}.Release|x64.ActiveCfg = Release|x64
		{94EFA850-9E4F-4808-A152-B09A43885A91}.Release|x64.Build.0 = Release|x64
		{94EFA850-9E4F-4808-A152-B09A43885A91}.Release|x86.ActiveCfg = Release|x86
		{94EFA850-9E4F-4808-A152-B09A43885A91}.Release|x86.Build.0 = Release|x86
		{6A5C1931-EA77-4203-A589-EAD23C7DC381}.Debug|Any CPU.ActiveCfg = Debug|Any CPU
		{6A5C1931-EA77-4203-A589-EAD23C7DC381}.Debug|Any CPU.Build.0 = Debug|Any CPU
		{6A5C1931-EA77-4203-A589-EAD23C7DC381}.Debug|x64.ActiveCfg = Debug|x64
		{6A5C1931-EA77-4203-A589-EAD23C7DC381}.Debug|x64.Build.0 = Debug|x64
		{6A5C1931-EA77-4203-A589-EAD23C7DC381}.Debug|x86.ActiveCfg = Debug|x86
		{6A5C1931-EA77-4203-A589-EAD23C7DC381}.Debug|x86.Build.0 = Debug|x86
		{6A5C1931-EA77-4203-A589-EAD23C7DC381}.Release|Any CPU.ActiveCfg = Release|Any CPU
		{6A5C1931-EA77-4203-A589-EAD23C7DC381}.Release|Any CPU.Build.0 = Release|Any CPU
		{6A5C1931-EA77-4203-A589-EAD23C7DC381}.Release|x64.ActiveCfg = Release|x64
		{6A5C1931-EA77-4203-A589-EAD23C7DC381}.Release|x64.Build.0 = Release|x64
		{6A5C1931-EA77-4203-A589-EAD23C7DC381}.Release|x86.ActiveCfg = Release|x86
		{6A5C1931-EA77-4203-A589-EAD23C7DC381}.Release|x86.Build.0 = Release|x86
		{0BFE2F2D-55C4-495C-A59C-C616B19FEEE9}.Debug|Any CPU.ActiveCfg = Debug|Any CPU
		{0BFE2F2D-55C4-495C-A59C-C616B19FEEE9}.Debug|Any CPU.Build.0 = Debug|Any CPU
		{0BFE2F2D-55C4-495C-A59C-C616B19FEEE9}.Debug|Any CPU.Deploy.0 = Debug|Any CPU
		{0BFE2F2D-55C4-495C-A59C-C616B19FEEE9}.Debug|x64.ActiveCfg = Debug|Any CPU
		{0BFE2F2D-55C4-495C-A59C-C616B19FEEE9}.Debug|x64.Build.0 = Debug|Any CPU
		{0BFE2F2D-55C4-495C-A59C-C616B19FEEE9}.Debug|x64.Deploy.0 = Debug|Any CPU
		{0BFE2F2D-55C4-495C-A59C-C616B19FEEE9}.Debug|x86.ActiveCfg = Debug|Any CPU
		{0BFE2F2D-55C4-495C-A59C-C616B19FEEE9}.Debug|x86.Build.0 = Debug|Any CPU
		{0BFE2F2D-55C4-495C-A59C-C616B19FEEE9}.Debug|x86.Deploy.0 = Debug|Any CPU
		{0BFE2F2D-55C4-495C-A59C-C616B19FEEE9}.Release|Any CPU.ActiveCfg = Release|Any CPU
		{0BFE2F2D-55C4-495C-A59C-C616B19FEEE9}.Release|Any CPU.Build.0 = Release|Any CPU
		{0BFE2F2D-55C4-495C-A59C-C616B19FEEE9}.Release|Any CPU.Deploy.0 = Release|Any CPU
		{0BFE2F2D-55C4-495C-A59C-C616B19FEEE9}.Release|x64.ActiveCfg = Release|Any CPU
		{0BFE2F2D-55C4-495C-A59C-C616B19FEEE9}.Release|x64.Build.0 = Release|Any CPU
		{0BFE2F2D-55C4-495C-A59C-C616B19FEEE9}.Release|x64.Deploy.0 = Release|Any CPU
		{0BFE2F2D-55C4-495C-A59C-C616B19FEEE9}.Release|x86.ActiveCfg = Release|Any CPU
		{0BFE2F2D-55C4-495C-A59C-C616B19FEEE9}.Release|x86.Build.0 = Release|Any CPU
		{0BFE2F2D-55C4-495C-A59C-C616B19FEEE9}.Release|x86.Deploy.0 = Release|Any CPU
		{8CE754CA-67AE-46EF-ADCA-E6A29EAB433D}.Debug|Any CPU.ActiveCfg = Debug|Any CPU
		{8CE754CA-67AE-46EF-ADCA-E6A29EAB433D}.Debug|Any CPU.Build.0 = Debug|Any CPU
		{8CE754CA-67AE-46EF-ADCA-E6A29EAB433D}.Debug|Any CPU.Deploy.0 = Debug|Any CPU
		{8CE754CA-67AE-46EF-ADCA-E6A29EAB433D}.Debug|x64.ActiveCfg = Debug|Any CPU
		{8CE754CA-67AE-46EF-ADCA-E6A29EAB433D}.Debug|x64.Build.0 = Debug|Any CPU
		{8CE754CA-67AE-46EF-ADCA-E6A29EAB433D}.Debug|x64.Deploy.0 = Debug|Any CPU
		{8CE754CA-67AE-46EF-ADCA-E6A29EAB433D}.Debug|x86.ActiveCfg = Debug|Any CPU
		{8CE754CA-67AE-46EF-ADCA-E6A29EAB433D}.Debug|x86.Build.0 = Debug|Any CPU
		{8CE754CA-67AE-46EF-ADCA-E6A29EAB433D}.Debug|x86.Deploy.0 = Debug|Any CPU
		{8CE754CA-67AE-46EF-ADCA-E6A29EAB433D}.Release|Any CPU.ActiveCfg = Release|Any CPU
		{8CE754CA-67AE-46EF-ADCA-E6A29EAB433D}.Release|Any CPU.Build.0 = Release|Any CPU
		{8CE754CA-67AE-46EF-ADCA-E6A29EAB433D}.Release|Any CPU.Deploy.0 = Release|Any CPU
		{8CE754CA-67AE-46EF-ADCA-E6A29EAB433D}.Release|x64.ActiveCfg = Release|Any CPU
		{8CE754CA-67AE-46EF-ADCA-E6A29EAB433D}.Release|x64.Build.0 = Release|Any CPU
		{8CE754CA-67AE-46EF-ADCA-E6A29EAB433D}.Release|x64.Deploy.0 = Release|Any CPU
		{8CE754CA-67AE-46EF-ADCA-E6A29EAB433D}.Release|x86.ActiveCfg = Release|Any CPU
		{8CE754CA-67AE-46EF-ADCA-E6A29EAB433D}.Release|x86.Build.0 = Release|Any CPU
		{8CE754CA-67AE-46EF-ADCA-E6A29EAB433D}.Release|x86.Deploy.0 = Release|Any CPU
		{43C6EBF6-B693-47E5-99F2-A446A96BB4F3}.Debug|Any CPU.ActiveCfg = Debug|Any CPU
		{43C6EBF6-B693-47E5-99F2-A446A96BB4F3}.Debug|Any CPU.Build.0 = Debug|Any CPU
		{43C6EBF6-B693-47E5-99F2-A446A96BB4F3}.Debug|Any CPU.Deploy.0 = Debug|Any CPU
		{43C6EBF6-B693-47E5-99F2-A446A96BB4F3}.Debug|x64.ActiveCfg = Debug|Any CPU
		{43C6EBF6-B693-47E5-99F2-A446A96BB4F3}.Debug|x64.Build.0 = Debug|Any CPU
		{43C6EBF6-B693-47E5-99F2-A446A96BB4F3}.Debug|x64.Deploy.0 = Debug|Any CPU
		{43C6EBF6-B693-47E5-99F2-A446A96BB4F3}.Debug|x86.ActiveCfg = Debug|Any CPU
		{43C6EBF6-B693-47E5-99F2-A446A96BB4F3}.Debug|x86.Build.0 = Debug|Any CPU
		{43C6EBF6-B693-47E5-99F2-A446A96BB4F3}.Debug|x86.Deploy.0 = Debug|Any CPU
		{43C6EBF6-B693-47E5-99F2-A446A96BB4F3}.Release|Any CPU.ActiveCfg = Release|Any CPU
		{43C6EBF6-B693-47E5-99F2-A446A96BB4F3}.Release|Any CPU.Build.0 = Release|Any CPU
		{43C6EBF6-B693-47E5-99F2-A446A96BB4F3}.Release|Any CPU.Deploy.0 = Release|Any CPU
		{43C6EBF6-B693-47E5-99F2-A446A96BB4F3}.Release|x64.ActiveCfg = Release|Any CPU
		{43C6EBF6-B693-47E5-99F2-A446A96BB4F3}.Release|x64.Build.0 = Release|Any CPU
		{43C6EBF6-B693-47E5-99F2-A446A96BB4F3}.Release|x64.Deploy.0 = Release|Any CPU
		{43C6EBF6-B693-47E5-99F2-A446A96BB4F3}.Release|x86.ActiveCfg = Release|Any CPU
		{43C6EBF6-B693-47E5-99F2-A446A96BB4F3}.Release|x86.Build.0 = Release|Any CPU
		{43C6EBF6-B693-47E5-99F2-A446A96BB4F3}.Release|x86.Deploy.0 = Release|Any CPU
		{4C8BD733-82E2-465C-8C5E-5813939B5425}.Debug|Any CPU.ActiveCfg = Debug|Any CPU
		{4C8BD733-82E2-465C-8C5E-5813939B5425}.Debug|Any CPU.Build.0 = Debug|Any CPU
		{4C8BD733-82E2-465C-8C5E-5813939B5425}.Debug|x64.ActiveCfg = Debug|Any CPU
		{4C8BD733-82E2-465C-8C5E-5813939B5425}.Debug|x64.Build.0 = Debug|Any CPU
		{4C8BD733-82E2-465C-8C5E-5813939B5425}.Debug|x86.ActiveCfg = Debug|Any CPU
		{4C8BD733-82E2-465C-8C5E-5813939B5425}.Debug|x86.Build.0 = Debug|Any CPU
		{4C8BD733-82E2-465C-8C5E-5813939B5425}.Release|Any CPU.ActiveCfg = Release|Any CPU
		{4C8BD733-82E2-465C-8C5E-5813939B5425}.Release|Any CPU.Build.0 = Release|Any CPU
		{4C8BD733-82E2-465C-8C5E-5813939B5425}.Release|x64.ActiveCfg = Release|Any CPU
		{4C8BD733-82E2-465C-8C5E-5813939B5425}.Release|x64.Build.0 = Release|Any CPU
		{4C8BD733-82E2-465C-8C5E-5813939B5425}.Release|x86.ActiveCfg = Release|Any CPU
		{4C8BD733-82E2-465C-8C5E-5813939B5425}.Release|x86.Build.0 = Release|Any CPU
		{F0058248-4034-4996-8AEE-29C97B95456E}.Debug|Any CPU.ActiveCfg = Debug|Any CPU
		{F0058248-4034-4996-8AEE-29C97B95456E}.Debug|Any CPU.Build.0 = Debug|Any CPU
		{F0058248-4034-4996-8AEE-29C97B95456E}.Debug|x64.ActiveCfg = Debug|Any CPU
		{F0058248-4034-4996-8AEE-29C97B95456E}.Debug|x64.Build.0 = Debug|Any CPU
		{F0058248-4034-4996-8AEE-29C97B95456E}.Debug|x86.ActiveCfg = Debug|Any CPU
		{F0058248-4034-4996-8AEE-29C97B95456E}.Debug|x86.Build.0 = Debug|Any CPU
		{F0058248-4034-4996-8AEE-29C97B95456E}.Release|Any CPU.ActiveCfg = Release|Any CPU
		{F0058248-4034-4996-8AEE-29C97B95456E}.Release|Any CPU.Build.0 = Release|Any CPU
		{F0058248-4034-4996-8AEE-29C97B95456E}.Release|x64.ActiveCfg = Release|Any CPU
		{F0058248-4034-4996-8AEE-29C97B95456E}.Release|x64.Build.0 = Release|Any CPU
		{F0058248-4034-4996-8AEE-29C97B95456E}.Release|x86.ActiveCfg = Release|Any CPU
		{F0058248-4034-4996-8AEE-29C97B95456E}.Release|x86.Build.0 = Release|Any CPU
		{4A63B16D-2D65-4A6C-A1DD-B0D555AB9018}.Debug|Any CPU.ActiveCfg = Debug|Any CPU
		{4A63B16D-2D65-4A6C-A1DD-B0D555AB9018}.Debug|Any CPU.Build.0 = Debug|Any CPU
		{4A63B16D-2D65-4A6C-A1DD-B0D555AB9018}.Debug|x64.ActiveCfg = Debug|Any CPU
		{4A63B16D-2D65-4A6C-A1DD-B0D555AB9018}.Debug|x64.Build.0 = Debug|Any CPU
		{4A63B16D-2D65-4A6C-A1DD-B0D555AB9018}.Debug|x86.ActiveCfg = Debug|Any CPU
		{4A63B16D-2D65-4A6C-A1DD-B0D555AB9018}.Debug|x86.Build.0 = Debug|Any CPU
		{4A63B16D-2D65-4A6C-A1DD-B0D555AB9018}.Release|Any CPU.ActiveCfg = Release|Any CPU
		{4A63B16D-2D65-4A6C-A1DD-B0D555AB9018}.Release|Any CPU.Build.0 = Release|Any CPU
		{4A63B16D-2D65-4A6C-A1DD-B0D555AB9018}.Release|x64.ActiveCfg = Release|Any CPU
		{4A63B16D-2D65-4A6C-A1DD-B0D555AB9018}.Release|x64.Build.0 = Release|Any CPU
		{4A63B16D-2D65-4A6C-A1DD-B0D555AB9018}.Release|x86.ActiveCfg = Release|Any CPU
		{4A63B16D-2D65-4A6C-A1DD-B0D555AB9018}.Release|x86.Build.0 = Release|Any CPU
	EndGlobalSection
	GlobalSection(SolutionProperties) = preSolution
		HideSolutionNode = FALSE
	EndGlobalSection
EndGlobal
