
Microsoft Visual Studio Solution File, Format Version 12.00
# Visual Studio 14
VisualStudioVersion = 14.0.22823.1
MinimumVisualStudioVersion = 10.0.40219.1
Project("{F2A71F9B-5D33-465A-A702-920D77279786}") = "IQ.Core.Services.Wcf", "IQ.Core.Services.Wcf\IQ.Core.Services.Wcf.fsproj", "{C7CD45A1-E3CF-45C0-A191-2FDA743B9FE6}"
EndProject
Project("{F2A71F9B-5D33-465A-A702-920D77279786}") = "IQ.Core.Services.Wcf.SampleService", "IQ.Core.Services.Wcf.SampleService\IQ.Core.Services.Wcf.SampleService.fsproj", "{36DFE5D9-35B7-4062-97F1-D73029DEE23E}"
EndProject
Project("{F2A71F9B-5D33-465A-A702-920D77279786}") = "IQ.Core.Services.Wcf.Tests.ConsoleHost", "IQ.Core.Services.Wcf.Tests.ConsoleHost\IQ.Core.Services.Wcf.Tests.ConsoleHost.fsproj", "{D3C68C65-FE0D-47B2-9B0A-ED6A8B19CB36}"
EndProject
Project("{F2A71F9B-5D33-465A-A702-920D77279786}") = "IQ.Core.Services.Wcf.Test", "IQ.Core.Services.Wcf.Test\IQ.Core.Services.Wcf.Test.fsproj", "{4CD829DA-4E98-42C9-AB73-A403F75CF86B}"
EndProject
Project("{F2A71F9B-5D33-465A-A702-920D77279786}") = "IQ.Core.TestFramework", "IQ.Core.TestFramework\IQ.Core.TestFramework.fsproj", "{F9D5CBBF-94DC-43BE-BFFE-7987D14040B8}"
EndProject
Project("{F2A71F9B-5D33-465A-A702-920D77279786}") = "IQ.Core.Framework", "IQ.Core.Framework\IQ.Core.Framework.fsproj", "{8E2497E0-941B-4CA7-AB78-4CA15291C56A}"
EndProject
Project("{F2A71F9B-5D33-465A-A702-920D77279786}") = "IQ.Core.Contracts", "IQ.Core.Contracts\IQ.Core.Contracts.fsproj", "{8690D158-DD5F-4B78-B542-A4CD5757C20C}"
EndProject
Global
	GlobalSection(SolutionConfigurationPlatforms) = preSolution
		Debug|Any CPU = Debug|Any CPU
		Debug|x64 = Debug|x64
		Debug|x86 = Debug|x86
		Release|Any CPU = Release|Any CPU
		Release|x64 = Release|x64
		Release|x86 = Release|x86
	EndGlobalSection
	GlobalSection(ProjectConfigurationPlatforms) = postSolution
		{C7CD45A1-E3CF-45C0-A191-2FDA743B9FE6}.Debug|Any CPU.ActiveCfg = Debug|Any CPU
		{C7CD45A1-E3CF-45C0-A191-2FDA743B9FE6}.Debug|Any CPU.Build.0 = Debug|Any CPU
		{C7CD45A1-E3CF-45C0-A191-2FDA743B9FE6}.Debug|x64.ActiveCfg = Debug|x64
		{C7CD45A1-E3CF-45C0-A191-2FDA743B9FE6}.Debug|x64.Build.0 = Debug|x64
		{C7CD45A1-E3CF-45C0-A191-2FDA743B9FE6}.Debug|x86.ActiveCfg = Debug|x86
		{C7CD45A1-E3CF-45C0-A191-2FDA743B9FE6}.Debug|x86.Build.0 = Debug|x86
		{C7CD45A1-E3CF-45C0-A191-2FDA743B9FE6}.Release|Any CPU.ActiveCfg = Release|Any CPU
		{C7CD45A1-E3CF-45C0-A191-2FDA743B9FE6}.Release|Any CPU.Build.0 = Release|Any CPU
		{C7CD45A1-E3CF-45C0-A191-2FDA743B9FE6}.Release|x64.ActiveCfg = Release|x64
		{C7CD45A1-E3CF-45C0-A191-2FDA743B9FE6}.Release|x64.Build.0 = Release|x64
		{C7CD45A1-E3CF-45C0-A191-2FDA743B9FE6}.Release|x86.ActiveCfg = Release|x86
		{C7CD45A1-E3CF-45C0-A191-2FDA743B9FE6}.Release|x86.Build.0 = Release|x86
		{36DFE5D9-35B7-4062-97F1-D73029DEE23E}.Debug|Any CPU.ActiveCfg = Debug|Any CPU
		{36DFE5D9-35B7-4062-97F1-D73029DEE23E}.Debug|Any CPU.Build.0 = Debug|Any CPU
		{36DFE5D9-35B7-4062-97F1-D73029DEE23E}.Debug|x64.ActiveCfg = Debug|x64
		{36DFE5D9-35B7-4062-97F1-D73029DEE23E}.Debug|x64.Build.0 = Debug|x64
		{36DFE5D9-35B7-4062-97F1-D73029DEE23E}.Debug|x86.ActiveCfg = Debug|x86
		{36DFE5D9-35B7-4062-97F1-D73029DEE23E}.Debug|x86.Build.0 = Debug|x86
		{36DFE5D9-35B7-4062-97F1-D73029DEE23E}.Release|Any CPU.ActiveCfg = Release|Any CPU
		{36DFE5D9-35B7-4062-97F1-D73029DEE23E}.Release|Any CPU.Build.0 = Release|Any CPU
		{36DFE5D9-35B7-4062-97F1-D73029DEE23E}.Release|x64.ActiveCfg = Release|x64
		{36DFE5D9-35B7-4062-97F1-D73029DEE23E}.Release|x64.Build.0 = Release|x64
		{36DFE5D9-35B7-4062-97F1-D73029DEE23E}.Release|x86.ActiveCfg = Release|x86
		{36DFE5D9-35B7-4062-97F1-D73029DEE23E}.Release|x86.Build.0 = Release|x86
		{D3C68C65-FE0D-47B2-9B0A-ED6A8B19CB36}.Debug|Any CPU.ActiveCfg = Debug|Any CPU
		{D3C68C65-FE0D-47B2-9B0A-ED6A8B19CB36}.Debug|Any CPU.Build.0 = Debug|Any CPU
		{D3C68C65-FE0D-47B2-9B0A-ED6A8B19CB36}.Debug|x64.ActiveCfg = Debug|x64
		{D3C68C65-FE0D-47B2-9B0A-ED6A8B19CB36}.Debug|x64.Build.0 = Debug|x64
		{D3C68C65-FE0D-47B2-9B0A-ED6A8B19CB36}.Debug|x86.ActiveCfg = Debug|x86
		{D3C68C65-FE0D-47B2-9B0A-ED6A8B19CB36}.Debug|x86.Build.0 = Debug|x86
		{D3C68C65-FE0D-47B2-9B0A-ED6A8B19CB36}.Release|Any CPU.ActiveCfg = Release|Any CPU
		{D3C68C65-FE0D-47B2-9B0A-ED6A8B19CB36}.Release|Any CPU.Build.0 = Release|Any CPU
		{D3C68C65-FE0D-47B2-9B0A-ED6A8B19CB36}.Release|x64.ActiveCfg = Release|x64
		{D3C68C65-FE0D-47B2-9B0A-ED6A8B19CB36}.Release|x64.Build.0 = Release|x64
		{D3C68C65-FE0D-47B2-9B0A-ED6A8B19CB36}.Release|x86.ActiveCfg = Release|x86
		{D3C68C65-FE0D-47B2-9B0A-ED6A8B19CB36}.Release|x86.Build.0 = Release|x86
		{4CD829DA-4E98-42C9-AB73-A403F75CF86B}.Debug|Any CPU.ActiveCfg = Debug|Any CPU
		{4CD829DA-4E98-42C9-AB73-A403F75CF86B}.Debug|Any CPU.Build.0 = Debug|Any CPU
		{4CD829DA-4E98-42C9-AB73-A403F75CF86B}.Debug|x64.ActiveCfg = Debug|x64
		{4CD829DA-4E98-42C9-AB73-A403F75CF86B}.Debug|x64.Build.0 = Debug|x64
		{4CD829DA-4E98-42C9-AB73-A403F75CF86B}.Debug|x86.ActiveCfg = Debug|x86
		{4CD829DA-4E98-42C9-AB73-A403F75CF86B}.Debug|x86.Build.0 = Debug|x86
		{4CD829DA-4E98-42C9-AB73-A403F75CF86B}.Release|Any CPU.ActiveCfg = Release|Any CPU
		{4CD829DA-4E98-42C9-AB73-A403F75CF86B}.Release|Any CPU.Build.0 = Release|Any CPU
		{4CD829DA-4E98-42C9-AB73-A403F75CF86B}.Release|x64.ActiveCfg = Release|x64
		{4CD829DA-4E98-42C9-AB73-A403F75CF86B}.Release|x64.Build.0 = Release|x64
		{4CD829DA-4E98-42C9-AB73-A403F75CF86B}.Release|x86.ActiveCfg = Release|x86
		{4CD829DA-4E98-42C9-AB73-A403F75CF86B}.Release|x86.Build.0 = Release|x86
		{F9D5CBBF-94DC-43BE-BFFE-7987D14040B8}.Debug|Any CPU.ActiveCfg = Debug|Any CPU
		{F9D5CBBF-94DC-43BE-BFFE-7987D14040B8}.Debug|Any CPU.Build.0 = Debug|Any CPU
		{F9D5CBBF-94DC-43BE-BFFE-7987D14040B8}.Debug|x64.ActiveCfg = Debug|x64
		{F9D5CBBF-94DC-43BE-BFFE-7987D14040B8}.Debug|x64.Build.0 = Debug|x64
		{F9D5CBBF-94DC-43BE-BFFE-7987D14040B8}.Debug|x86.ActiveCfg = Debug|x86
		{F9D5CBBF-94DC-43BE-BFFE-7987D14040B8}.Debug|x86.Build.0 = Debug|x86
		{F9D5CBBF-94DC-43BE-BFFE-7987D14040B8}.Release|Any CPU.ActiveCfg = Release|Any CPU
		{F9D5CBBF-94DC-43BE-BFFE-7987D14040B8}.Release|Any CPU.Build.0 = Release|Any CPU
		{F9D5CBBF-94DC-43BE-BFFE-7987D14040B8}.Release|x64.ActiveCfg = Release|x64
		{F9D5CBBF-94DC-43BE-BFFE-7987D14040B8}.Release|x64.Build.0 = Release|x64
		{F9D5CBBF-94DC-43BE-BFFE-7987D14040B8}.Release|x86.ActiveCfg = Release|x86
		{F9D5CBBF-94DC-43BE-BFFE-7987D14040B8}.Release|x86.Build.0 = Release|x86
		{8E2497E0-941B-4CA7-AB78-4CA15291C56A}.Debug|Any CPU.ActiveCfg = Debug|Any CPU
		{8E2497E0-941B-4CA7-AB78-4CA15291C56A}.Debug|Any CPU.Build.0 = Debug|Any CPU
		{8E2497E0-941B-4CA7-AB78-4CA15291C56A}.Debug|x64.ActiveCfg = Debug|x64
		{8E2497E0-941B-4CA7-AB78-4CA15291C56A}.Debug|x64.Build.0 = Debug|x64
		{8E2497E0-941B-4CA7-AB78-4CA15291C56A}.Debug|x86.ActiveCfg = Debug|x86
		{8E2497E0-941B-4CA7-AB78-4CA15291C56A}.Debug|x86.Build.0 = Debug|x86
		{8E2497E0-941B-4CA7-AB78-4CA15291C56A}.Release|Any CPU.ActiveCfg = Release|Any CPU
		{8E2497E0-941B-4CA7-AB78-4CA15291C56A}.Release|Any CPU.Build.0 = Release|Any CPU
		{8E2497E0-941B-4CA7-AB78-4CA15291C56A}.Release|x64.ActiveCfg = Release|x64
		{8E2497E0-941B-4CA7-AB78-4CA15291C56A}.Release|x64.Build.0 = Release|x64
		{8E2497E0-941B-4CA7-AB78-4CA15291C56A}.Release|x86.ActiveCfg = Release|x86
		{8E2497E0-941B-4CA7-AB78-4CA15291C56A}.Release|x86.Build.0 = Release|x86
		{8690D158-DD5F-4B78-B542-A4CD5757C20C}.Debug|Any CPU.ActiveCfg = Debug|Any CPU
		{8690D158-DD5F-4B78-B542-A4CD5757C20C}.Debug|Any CPU.Build.0 = Debug|Any CPU
		{8690D158-DD5F-4B78-B542-A4CD5757C20C}.Debug|x64.ActiveCfg = Debug|x64
		{8690D158-DD5F-4B78-B542-A4CD5757C20C}.Debug|x64.Build.0 = Debug|x64
		{8690D158-DD5F-4B78-B542-A4CD5757C20C}.Debug|x86.ActiveCfg = Debug|x86
		{8690D158-DD5F-4B78-B542-A4CD5757C20C}.Debug|x86.Build.0 = Debug|x86
		{8690D158-DD5F-4B78-B542-A4CD5757C20C}.Release|Any CPU.ActiveCfg = Release|Any CPU
		{8690D158-DD5F-4B78-B542-A4CD5757C20C}.Release|Any CPU.Build.0 = Release|Any CPU
		{8690D158-DD5F-4B78-B542-A4CD5757C20C}.Release|x64.ActiveCfg = Release|x64
		{8690D158-DD5F-4B78-B542-A4CD5757C20C}.Release|x64.Build.0 = Release|x64
		{8690D158-DD5F-4B78-B542-A4CD5757C20C}.Release|x86.ActiveCfg = Release|x86
		{8690D158-DD5F-4B78-B542-A4CD5757C20C}.Release|x86.Build.0 = Release|x86
	EndGlobalSection
	GlobalSection(SolutionProperties) = preSolution
		HideSolutionNode = FALSE
	EndGlobalSection
EndGlobal
